
Microsoft Visual Studio Solution File, Format Version 12.00
# Visual Studio Version 17
VisualStudioVersion = 17.13.35818.85 d17.13
MinimumVisualStudioVersion = 10.0.40219.1
Project("{FAE04EC0-301F-11D3-BF4B-00C04F79EFBC}") = "SistemaLegado", "SistemaLegado.csproj", "{D95CFD32-A048-41CC-9985-BA60E5AEF417}"
EndProject
Global
	GlobalSection(SolutionConfigurationPlatforms) = preSolution
		Debug|Any CPU = Debug|Any CPU
		Release|Any CPU = Release|Any CPU
	EndGlobalSection
	GlobalSection(ProjectConfigurationPlatforms) = postSolution
		{D95CFD32-A048-41CC-9985-BA60E5AEF417}.Debug|Any CPU.ActiveCfg = Debug|Any CPU
		{D95CFD32-A048-41CC-9985-BA60E5AEF417}.Debug|Any CPU.Build.0 = Debug|Any CPU
		{D95CFD32-A048-41CC-9985-BA60E5AEF417}.Release|Any CPU.ActiveCfg = Release|Any CPU
		{D95CFD32-A048-41CC-9985-BA60E5AEF417}.Release|Any CPU.Build.0 = Release|Any CPU
	EndGlobalSection
	GlobalSection(SolutionProperties) = preSolution
		HideSolutionNode = FALSE
	EndGlobalSection
	GlobalSection(ExtensibilityGlobals) = postSolution
		SolutionGuid = {7709A925-B0D3-4A19-BD9C-F5307C6CF60E}
	EndGlobalSection
EndGlobal
